
Microsoft Visual Studio Solution File, Format Version 12.00
# Visual Studio Version 17
VisualStudioVersion = 17.0.32112.339
MinimumVisualStudioVersion = 10.0.40219.1
Project("{FAE04EC0-301F-11D3-BF4B-00C04F79EFBC}") = "CelsiusToFahrenheit.ConsoleApp", "CelsiusToFahrenheit.ConsoleApp\CelsiusToFahrenheit.ConsoleApp.csproj", "{9BBE45D7-1861-4FBB-AFE2-E460DDF6D9F1}"
EndProject
Global
	GlobalSection(SolutionConfigurationPlatforms) = preSolution
		Debug|Any CPU = Debug|Any CPU
		Release|Any CPU = Release|Any CPU
	EndGlobalSection
	GlobalSection(ProjectConfigurationPlatforms) = postSolution
		{9BBE45D7-1861-4FBB-AFE2-E460DDF6D9F1}.Debug|Any CPU.ActiveCfg = Debug|Any CPU
		{9BBE45D7-1861-4FBB-AFE2-E460DDF6D9F1}.Debug|Any CPU.Build.0 = Debug|Any CPU
		{9BBE45D7-1861-4FBB-AFE2-E460DDF6D9F1}.Release|Any CPU.ActiveCfg = Release|Any CPU
		{9BBE45D7-1861-4FBB-AFE2-E460DDF6D9F1}.Release|Any CPU.Build.0 = Release|Any CPU
	EndGlobalSection
	GlobalSection(SolutionProperties) = preSolution
		HideSolutionNode = FALSE
	EndGlobalSection
	GlobalSection(ExtensibilityGlobals) = postSolution
		SolutionGuid = {824EEABF-34F7-4A20-84AE-8843CA3C12A5}
	EndGlobalSection
EndGlobal
